// !$*UTF8*$!
{
	archiveVersion = 1;
	classes = {
	};
	objectVersion = 50;
	objects = {

/* Begin PBXBuildFile section */
		2D6CF3662322E205001B84CE /* AppDelegate.swift in Sources */ = {isa = PBXBuildFile; fileRef = 2D6CF3652322E205001B84CE /* AppDelegate.swift */; };
		2D6CF3682322E205001B84CE /* ViewController.swift in Sources */ = {isa = PBXBuildFile; fileRef = 2D6CF3672322E205001B84CE /* ViewController.swift */; };
		2D6CF36B2322E205001B84CE /* Main.storyboard in Resources */ = {isa = PBXBuildFile; fileRef = 2D6CF3692322E205001B84CE /* Main.storyboard */; };
		2D6CF36E2322E205001B84CE /* Serialization.xcdatamodeld in Sources */ = {isa = PBXBuildFile; fileRef = 2D6CF36C2322E205001B84CE /* Serialization.xcdatamodeld */; };
		2D6CF3702322E206001B84CE /* Assets.xcassets in Resources */ = {isa = PBXBuildFile; fileRef = 2D6CF36F2322E206001B84CE /* Assets.xcassets */; };
		2D6CF3732322E206001B84CE /* LaunchScreen.storyboard in Resources */ = {isa = PBXBuildFile; fileRef = 2D6CF3712322E206001B84CE /* LaunchScreen.storyboard */; };
		2D6CF37E2322E206001B84CE /* SerializationTests.swift in Sources */ = {isa = PBXBuildFile; fileRef = 2D6CF37D2322E206001B84CE /* SerializationTests.swift */; };
		2D6CF3892322E206001B84CE /* SerializationUITests.swift in Sources */ = {isa = PBXBuildFile; fileRef = 2D6CF3882322E206001B84CE /* SerializationUITests.swift */; };
		2D6CF3D62322F2DC001B84CE /* Trip.swift in Sources */ = {isa = PBXBuildFile; fileRef = 2D6CF3D52322F2DC001B84CE /* Trip.swift */; };
/* End PBXBuildFile section */

/* Begin PBXContainerItemProxy section */
		2D6CF37A2322E206001B84CE /* PBXContainerItemProxy */ = {
			isa = PBXContainerItemProxy;
			containerPortal = 2D6CF35A2322E205001B84CE /* Project object */;
			proxyType = 1;
			remoteGlobalIDString = 2D6CF3612322E205001B84CE;
			remoteInfo = Serialization;
		};
		2D6CF3852322E206001B84CE /* PBXContainerItemProxy */ = {
			isa = PBXContainerItemProxy;
			containerPortal = 2D6CF35A2322E205001B84CE /* Project object */;
			proxyType = 1;
			remoteGlobalIDString = 2D6CF3612322E205001B84CE;
			remoteInfo = Serialization;
		};
/* End PBXContainerItemProxy section */

/* Begin PBXFileReference section */
		2D6CF3622322E205001B84CE /* Serialization.app */ = {isa = PBXFileReference; explicitFileType = wrapper.application; includeInIndex = 0; path = Serialization.app; sourceTree = BUILT_PRODUCTS_DIR; };
		2D6CF3652322E205001B84CE /* AppDelegate.swift */ = {isa = PBXFileReference; lastKnownFileType = sourcecode.swift; path = AppDelegate.swift; sourceTree = "<group>"; };
		2D6CF3672322E205001B84CE /* ViewController.swift */ = {isa = PBXFileReference; lastKnownFileType = sourcecode.swift; path = ViewController.swift; sourceTree = "<group>"; };
		2D6CF36A2322E205001B84CE /* Base */ = {isa = PBXFileReference; lastKnownFileType = file.storyboard; name = Base; path = Base.lproj/Main.storyboard; sourceTree = "<group>"; };
		2D6CF36D2322E205001B84CE /* Serialization.xcdatamodel */ = {isa = PBXFileReference; lastKnownFileType = wrapper.xcdatamodel; path = Serialization.xcdatamodel; sourceTree = "<group>"; };
		2D6CF36F2322E206001B84CE /* Assets.xcassets */ = {isa = PBXFileReference; lastKnownFileType = folder.assetcatalog; path = Assets.xcassets; sourceTree = "<group>"; };
		2D6CF3722322E206001B84CE /* Base */ = {isa = PBXFileReference; lastKnownFileType = file.storyboard; name = Base; path = Base.lproj/LaunchScreen.storyboard; sourceTree = "<group>"; };
		2D6CF3742322E206001B84CE /* Info.plist */ = {isa = PBXFileReference; lastKnownFileType = text.plist.xml; path = Info.plist; sourceTree = "<group>"; };
		2D6CF3792322E206001B84CE /* SerializationTests.xctest */ = {isa = PBXFileReference; explicitFileType = wrapper.cfbundle; includeInIndex = 0; path = SerializationTests.xctest; sourceTree = BUILT_PRODUCTS_DIR; };
		2D6CF37D2322E206001B84CE /* SerializationTests.swift */ = {isa = PBXFileReference; lastKnownFileType = sourcecode.swift; path = SerializationTests.swift; sourceTree = "<group>"; };
		2D6CF37F2322E206001B84CE /* Info.plist */ = {isa = PBXFileReference; lastKnownFileType = text.plist.xml; path = Info.plist; sourceTree = "<group>"; };
		2D6CF3842322E206001B84CE /* SerializationUITests.xctest */ = {isa = PBXFileReference; explicitFileType = wrapper.cfbundle; includeInIndex = 0; path = SerializationUITests.xctest; sourceTree = BUILT_PRODUCTS_DIR; };
		2D6CF3882322E206001B84CE /* SerializationUITests.swift */ = {isa = PBXFileReference; lastKnownFileType = sourcecode.swift; path = SerializationUITests.swift; sourceTree = "<group>"; };
		2D6CF38A2322E206001B84CE /* Info.plist */ = {isa = PBXFileReference; lastKnownFileType = text.plist.xml; path = Info.plist; sourceTree = "<group>"; };
		2D6CF3D52322F2DC001B84CE /* Trip.swift */ = {isa = PBXFileReference; lastKnownFileType = sourcecode.swift; path = Trip.swift; sourceTree = "<group>"; };
/* End PBXFileReference section */

/* Begin PBXFrameworksBuildPhase section */
		2D6CF35F2322E205001B84CE /* Frameworks */ = {
			isa = PBXFrameworksBuildPhase;
			buildActionMask = 2147483647;
			files = (
			);
			runOnlyForDeploymentPostprocessing = 0;
		};
		2D6CF3762322E206001B84CE /* Frameworks */ = {
			isa = PBXFrameworksBuildPhase;
			buildActionMask = 2147483647;
			files = (
			);
			runOnlyForDeploymentPostprocessing = 0;
		};
		2D6CF3812322E206001B84CE /* Frameworks */ = {
			isa = PBXFrameworksBuildPhase;
			buildActionMask = 2147483647;
			files = (
			);
			runOnlyForDeploymentPostprocessing = 0;
		};
/* End PBXFrameworksBuildPhase section */

/* Begin PBXGroup section */
		2D6CF3592322E205001B84CE = {
			isa = PBXGroup;
			children = (
				2D6CF3642322E205001B84CE /* Serialization */,
				2D6CF37C2322E206001B84CE /* SerializationTests */,
				2D6CF3872322E206001B84CE /* SerializationUITests */,
				2D6CF3632322E205001B84CE /* Products */,
			);
			sourceTree = "<group>";
		};
		2D6CF3632322E205001B84CE /* Products */ = {
			isa = PBXGroup;
			children = (
				2D6CF3622322E205001B84CE /* Serialization.app */,
				2D6CF3792322E206001B84CE /* SerializationTests.xctest */,
				2D6CF3842322E206001B84CE /* SerializationUITests.xctest */,
			);
			name = Products;
			sourceTree = "<group>";
		};
		2D6CF3642322E205001B84CE /* Serialization */ = {
			isa = PBXGroup;
			children = (
				2D6CF3652322E205001B84CE /* AppDelegate.swift */,
				2D6CF3D52322F2DC001B84CE /* Trip.swift */,
				2D6CF3672322E205001B84CE /* ViewController.swift */,
				2D6CF3692322E205001B84CE /* Main.storyboard */,
				2D6CF36F2322E206001B84CE /* Assets.xcassets */,
				2D6CF3712322E206001B84CE /* LaunchScreen.storyboard */,
				2D6CF3742322E206001B84CE /* Info.plist */,
				2D6CF36C2322E205001B84CE /* Serialization.xcdatamodeld */,
			);
			path = Serialization;
			sourceTree = "<group>";
		};
		2D6CF37C2322E206001B84CE /* SerializationTests */ = {
			isa = PBXGroup;
			children = (
				2D6CF37D2322E206001B84CE /* SerializationTests.swift */,
				2D6CF37F2322E206001B84CE /* Info.plist */,
			);
			path = SerializationTests;
			sourceTree = "<group>";
		};
		2D6CF3872322E206001B84CE /* SerializationUITests */ = {
			isa = PBXGroup;
			children = (
				2D6CF3882322E206001B84CE /* SerializationUITests.swift */,
				2D6CF38A2322E206001B84CE /* Info.plist */,
			);
			path = SerializationUITests;
			sourceTree = "<group>";
		};
/* End PBXGroup section */

/* Begin PBXNativeTarget section */
		2D6CF3612322E205001B84CE /* Serialization */ = {
			isa = PBXNativeTarget;
			buildConfigurationList = 2D6CF38D2322E206001B84CE /* Build configuration list for PBXNativeTarget "Serialization" */;
			buildPhases = (
				2D6CF35E2322E205001B84CE /* Sources */,
				2D6CF35F2322E205001B84CE /* Frameworks */,
				2D6CF3602322E205001B84CE /* Resources */,
			);
			buildRules = (
			);
			dependencies = (
			);
			name = Serialization;
			productName = Serialization;
			productReference = 2D6CF3622322E205001B84CE /* Serialization.app */;
			productType = "com.apple.product-type.application";
		};
		2D6CF3782322E206001B84CE /* SerializationTests */ = {
			isa = PBXNativeTarget;
			buildConfigurationList = 2D6CF3902322E206001B84CE /* Build configuration list for PBXNativeTarget "SerializationTests" */;
			buildPhases = (
				2D6CF3752322E206001B84CE /* Sources */,
				2D6CF3762322E206001B84CE /* Frameworks */,
				2D6CF3772322E206001B84CE /* Resources */,
			);
			buildRules = (
			);
			dependencies = (
				2D6CF37B2322E206001B84CE /* PBXTargetDependency */,
			);
			name = SerializationTests;
			productName = SerializationTests;
			productReference = 2D6CF3792322E206001B84CE /* SerializationTests.xctest */;
			productType = "com.apple.product-type.bundle.unit-test";
		};
		2D6CF3832322E206001B84CE /* SerializationUITests */ = {
			isa = PBXNativeTarget;
			buildConfigurationList = 2D6CF3932322E206001B84CE /* Build configuration list for PBXNativeTarget "SerializationUITests" */;
			buildPhases = (
				2D6CF3802322E206001B84CE /* Sources */,
				2D6CF3812322E206001B84CE /* Frameworks */,
				2D6CF3822322E206001B84CE /* Resources */,
			);
			buildRules = (
			);
			dependencies = (
				2D6CF3862322E206001B84CE /* PBXTargetDependency */,
			);
			name = SerializationUITests;
			productName = SerializationUITests;
			productReference = 2D6CF3842322E206001B84CE /* SerializationUITests.xctest */;
			productType = "com.apple.product-type.bundle.ui-testing";
		};
/* End PBXNativeTarget section */

/* Begin PBXProject section */
		2D6CF35A2322E205001B84CE /* Project object */ = {
			isa = PBXProject;
			attributes = {
				LastSwiftUpdateCheck = 1030;
				LastUpgradeCheck = 1030;
				ORGANIZATIONNAME = "Dale Musser";
				TargetAttributes = {
					2D6CF3612322E205001B84CE = {
						CreatedOnToolsVersion = 10.3;
					};
					2D6CF3782322E206001B84CE = {
						CreatedOnToolsVersion = 10.3;
						TestTargetID = 2D6CF3612322E205001B84CE;
					};
					2D6CF3832322E206001B84CE = {
						CreatedOnToolsVersion = 10.3;
						TestTargetID = 2D6CF3612322E205001B84CE;
					};
				};
			};
			buildConfigurationList = 2D6CF35D2322E205001B84CE /* Build configuration list for PBXProject "Serialization" */;
			compatibilityVersion = "Xcode 9.3";
			developmentRegion = en;
			hasScannedForEncodings = 0;
			knownRegions = (
				en,
				Base,
			);
			mainGroup = 2D6CF3592322E205001B84CE;
			productRefGroup = 2D6CF3632322E205001B84CE /* Products */;
			projectDirPath = "";
			projectRoot = "";
			targets = (
				2D6CF3612322E205001B84CE /* Serialization */,
				2D6CF3782322E206001B84CE /* SerializationTests */,
				2D6CF3832322E206001B84CE /* SerializationUITests */,
			);
		};
/* End PBXProject section */

/* Begin PBXResourcesBuildPhase section */
		2D6CF3602322E205001B84CE /* Resources */ = {
			isa = PBXResourcesBuildPhase;
			buildActionMask = 2147483647;
			files = (
				2D6CF3732322E206001B84CE /* LaunchScreen.storyboard in Resources */,
				2D6CF3702322E206001B84CE /* Assets.xcassets in Resources */,
				2D6CF36B2322E205001B84CE /* Main.storyboard in Resources */,
			);
			runOnlyForDeploymentPostprocessing = 0;
		};
		2D6CF3772322E206001B84CE /* Resources */ = {
			isa = PBXResourcesBuildPhase;
			buildActionMask = 2147483647;
			files = (
			);
			runOnlyForDeploymentPostprocessing = 0;
		};
		2D6CF3822322E206001B84CE /* Resources */ = {
			isa = PBXResourcesBuildPhase;
			buildActionMask = 2147483647;
			files = (
			);
			runOnlyForDeploymentPostprocessing = 0;
		};
/* End PBXResourcesBuildPhase section */

/* Begin PBXSourcesBuildPhase section */
		2D6CF35E2322E205001B84CE /* Sources */ = {
			isa = PBXSourcesBuildPhase;
			buildActionMask = 2147483647;
			files = (
				2D6CF3D62322F2DC001B84CE /* Trip.swift in Sources */,
				2D6CF3682322E205001B84CE /* ViewController.swift in Sources */,
				2D6CF3662322E205001B84CE /* AppDelegate.swift in Sources */,
				2D6CF36E2322E205001B84CE /* Serialization.xcdatamodeld in Sources */,
			);
			runOnlyForDeploymentPostprocessing = 0;
		};
		2D6CF3752322E206001B84CE /* Sources */ = {
			isa = PBXSourcesBuildPhase;
			buildActionMask = 2147483647;
			files = (
				2D6CF37E2322E206001B84CE /* SerializationTests.swift in Sources */,
			);
			runOnlyForDeploymentPostprocessing = 0;
		};
		2D6CF3802322E206001B84CE /* Sources */ = {
			isa = PBXSourcesBuildPhase;
			buildActionMask = 2147483647;
			files = (
				2D6CF3892322E206001B84CE /* SerializationUITests.swift in Sources */,
			);
			runOnlyForDeploymentPostprocessing = 0;
		};
/* End PBXSourcesBuildPhase section */

/* Begin PBXTargetDependency section */
		2D6CF37B2322E206001B84CE /* PBXTargetDependency */ = {
			isa = PBXTargetDependency;
			target = 2D6CF3612322E205001B84CE /* Serialization */;
			targetProxy = 2D6CF37A2322E206001B84CE /* PBXContainerItemProxy */;
		};
		2D6CF3862322E206001B84CE /* PBXTargetDependency */ = {
			isa = PBXTargetDependency;
			target = 2D6CF3612322E205001B84CE /* Serialization */;
			targetProxy = 2D6CF3852322E206001B84CE /* PBXContainerItemProxy */;
		};
/* End PBXTargetDependency section */

/* Begin PBXVariantGroup section */
		2D6CF3692322E205001B84CE /* Main.storyboard */ = {
			isa = PBXVariantGroup;
			children = (
				2D6CF36A2322E205001B84CE /* Base */,
			);
			name = Main.storyboard;
			sourceTree = "<group>";
		};
		2D6CF3712322E206001B84CE /* LaunchScreen.storyboard */ = {
			isa = PBXVariantGroup;
			children = (
				2D6CF3722322E206001B84CE /* Base */,
			);
			name = LaunchScreen.storyboard;
			sourceTree = "<group>";
		};
/* End PBXVariantGroup section */

/* Begin XCBuildConfiguration section */
		2D6CF38B2322E206001B84CE /* Debug */ = {
			isa = XCBuildConfiguration;
			buildSettings = {
				ALWAYS_SEARCH_USER_PATHS = NO;
				CLANG_ANALYZER_NONNULL = YES;
				CLANG_ANALYZER_NUMBER_OBJECT_CONVERSION = YES_AGGRESSIVE;
				CLANG_CXX_LANGUAGE_STANDARD = "gnu++14";
				CLANG_CXX_LIBRARY = "libc++";
				CLANG_ENABLE_MODULES = YES;
				CLANG_ENABLE_OBJC_ARC = YES;
				CLANG_ENABLE_OBJC_WEAK = YES;
				CLANG_WARN_BLOCK_CAPTURE_AUTORELEASING = YES;
				CLANG_WARN_BOOL_CONVERSION = YES;
				CLANG_WARN_COMMA = YES;
				CLANG_WARN_CONSTANT_CONVERSION = YES;
				CLANG_WARN_DEPRECATED_OBJC_IMPLEMENTATIONS = YES;
				CLANG_WARN_DIRECT_OBJC_ISA_USAGE = YES_ERROR;
				CLANG_WARN_DOCUMENTATION_COMMENTS = YES;
				CLANG_WARN_EMPTY_BODY = YES;
				CLANG_WARN_ENUM_CONVERSION = YES;
				CLANG_WARN_INFINITE_RECURSION = YES;
				CLANG_WARN_INT_CONVERSION = YES;
				CLANG_WARN_NON_LITERAL_NULL_CONVERSION = YES;
				CLANG_WARN_OBJC_IMPLICIT_RETAIN_SELF = YES;
				CLANG_WARN_OBJC_LITERAL_CONVERSION = YES;
				CLANG_WARN_OBJC_ROOT_CLASS = YES_ERROR;
				CLANG_WARN_RANGE_LOOP_ANALYSIS = YES;
				CLANG_WARN_STRICT_PROTOTYPES = YES;
				CLANG_WARN_SUSPICIOUS_MOVE = YES;
				CLANG_WARN_UNGUARDED_AVAILABILITY = YES_AGGRESSIVE;
				CLANG_WARN_UNREACHABLE_CODE = YES;
				CLANG_WARN__DUPLICATE_METHOD_MATCH = YES;
				CODE_SIGN_IDENTITY = "iPhone Developer";
				COPY_PHASE_STRIP = NO;
				DEBUG_INFORMATION_FORMAT = dwarf;
				ENABLE_STRICT_OBJC_MSGSEND = YES;
				ENABLE_TESTABILITY = YES;
				GCC_C_LANGUAGE_STANDARD = gnu11;
				GCC_DYNAMIC_NO_PIC = NO;
				GCC_NO_COMMON_BLOCKS = YES;
				GCC_OPTIMIZATION_LEVEL = 0;
				GCC_PREPROCESSOR_DEFINITIONS = (
					"DEBUG=1",
					"$(inherited)",
				);
				GCC_WARN_64_TO_32_BIT_CONVERSION = YES;
				GCC_WARN_ABOUT_RETURN_TYPE = YES_ERROR;
				GCC_WARN_UNDECLARED_SELECTOR = YES;
				GCC_WARN_UNINITIALIZED_AUTOS = YES_AGGRESSIVE;
				GCC_WARN_UNUSED_FUNCTION = YES;
				GCC_WARN_UNUSED_VARIABLE = YES;
				IPHONEOS_DEPLOYMENT_TARGET = 12.4;
				MTL_ENABLE_DEBUG_INFO = INCLUDE_SOURCE;
				MTL_FAST_MATH = YES;
				ONLY_ACTIVE_ARCH = YES;
				SDKROOT = iphoneos;
				SWIFT_ACTIVE_COMPILATION_CONDITIONS = DEBUG;
				SWIFT_OPTIMIZATION_LEVEL = "-Onone";
			};
			name = Debug;
		};
		2D6CF38C2322E206001B84CE /* Release */ = {
			isa = XCBuildConfiguration;
			buildSettings = {
				ALWAYS_SEARCH_USER_PATHS = NO;
				CLANG_ANALYZER_NONNULL = YES;
				CLANG_ANALYZER_NUMBER_OBJECT_CONVERSION = YES_AGGRESSIVE;
				CLANG_CXX_LANGUAGE_STANDARD = "gnu++14";
				CLANG_CXX_LIBRARY = "libc++";
				CLANG_ENABLE_MODULES = YES;
				CLANG_ENABLE_OBJC_ARC = YES;
				CLANG_ENABLE_OBJC_WEAK = YES;
				CLANG_WARN_BLOCK_CAPTURE_AUTORELEASING = YES;
				CLANG_WARN_BOOL_CONVERSION = YES;
				CLANG_WARN_COMMA = YES;
				CLANG_WARN_CONSTANT_CONVERSION = YES;
				CLANG_WARN_DEPRECATED_OBJC_IMPLEMENTATIONS = YES;
				CLANG_WARN_DIRECT_OBJC_ISA_USAGE = YES_ERROR;
				CLANG_WARN_DOCUMENTATION_COMMENTS = YES;
				CLANG_WARN_EMPTY_BODY = YES;
				CLANG_WARN_ENUM_CONVERSION = YES;
				CLANG_WARN_INFINITE_RECURSION = YES;
				CLANG_WARN_INT_CONVERSION = YES;
				CLANG_WARN_NON_LITERAL_NULL_CONVERSION = YES;
				CLANG_WARN_OBJC_IMPLICIT_RETAIN_SELF = YES;
				CLANG_WARN_OBJC_LITERAL_CONVERSION = YES;
				CLANG_WARN_OBJC_ROOT_CLASS = YES_ERROR;
				CLANG_WARN_RANGE_LOOP_ANALYSIS = YES;
				CLANG_WARN_STRICT_PROTOTYPES = YES;
				CLANG_WARN_SUSPICIOUS_MOVE = YES;
				CLANG_WARN_UNGUARDED_AVAILABILITY = YES_AGGRESSIVE;
				CLANG_WARN_UNREACHABLE_CODE = YES;
				CLANG_WARN__DUPLICATE_METHOD_MATCH = YES;
				CODE_SIGN_IDENTITY = "iPhone Developer";
				COPY_PHASE_STRIP = NO;
				DEBUG_INFORMATION_FORMAT = "dwarf-with-dsym";
				ENABLE_NS_ASSERTIONS = NO;
				ENABLE_STRICT_OBJC_MSGSEND = YES;
				GCC_C_LANGUAGE_STANDARD = gnu11;
				GCC_NO_COMMON_BLOCKS = YES;
				GCC_WARN_64_TO_32_BIT_CONVERSION = YES;
				GCC_WARN_ABOUT_RETURN_TYPE = YES_ERROR;
				GCC_WARN_UNDECLARED_SELECTOR = YES;
				GCC_WARN_UNINITIALIZED_AUTOS = YES_AGGRESSIVE;
				GCC_WARN_UNUSED_FUNCTION = YES;
				GCC_WARN_UNUSED_VARIABLE = YES;
				IPHONEOS_DEPLOYMENT_TARGET = 12.4;
				MTL_ENABLE_DEBUG_INFO = NO;
				MTL_FAST_MATH = YES;
				SDKROOT = iphoneos;
				SWIFT_COMPILATION_MODE = wholemodule;
				SWIFT_OPTIMIZATION_LEVEL = "-O";
				VALIDATE_PRODUCT = YES;
			};
			name = Release;
		};
		2D6CF38E2322E206001B84CE /* Debug */ = {
			isa = XCBuildConfiguration;
			buildSettings = {
				ASSETCATALOG_COMPILER_APPICON_NAME = AppIcon;
				CODE_SIGN_STYLE = Automatic;
				INFOPLIST_FILE = Serialization/Info.plist;
				LD_RUNPATH_SEARCH_PATHS = (
					"$(inherited)",
					"@executable_path/Frameworks",
				);
				PRODUCT_BUNDLE_IDENTIFIER = online.techinnovator.Serialization;
				PRODUCT_NAME = "$(TARGET_NAME)";
				SWIFT_VERSION = 5.0;
				TARGETED_DEVICE_FAMILY = "1,2";
			};
			name = Debug;
		};
		2D6CF38F2322E206001B84CE /* Release */ = {
			isa = XCBuildConfiguration;
			buildSettings = {
				ASSETCATALOG_COMPILER_APPICON_NAME = AppIcon;
				CODE_SIGN_STYLE = Automatic;
				INFOPLIST_FILE = Serialization/Info.plist;
				LD_RUNPATH_SEARCH_PATHS = (
					"$(inherited)",
					"@executable_path/Frameworks",
				);
				PRODUCT_BUNDLE_IDENTIFIER = online.techinnovator.Serialization;
				PRODUCT_NAME = "$(TARGET_NAME)";
				SWIFT_VERSION = 5.0;
				TARGETED_DEVICE_FAMILY = "1,2";
			};
			name = Release;
		};
		2D6CF3912322E206001B84CE /* Debug */ = {
			isa = XCBuildConfiguration;
			buildSettings = {
				ALWAYS_EMBED_SWIFT_STANDARD_LIBRARIES = YES;
				BUNDLE_LOADER = "$(TEST_HOST)";
				CODE_SIGN_STYLE = Automatic;
				INFOPLIST_FILE = SerializationTests/Info.plist;
				LD_RUNPATH_SEARCH_PATHS = (
					"$(inherited)",
					"@executable_path/Frameworks",
					"@loader_path/Frameworks",
				);
				PRODUCT_BUNDLE_IDENTIFIER = online.techinnovator.SerializationTests;
				PRODUCT_NAME = "$(TARGET_NAME)";
				SWIFT_VERSION = 5.0;
				TARGETED_DEVICE_FAMILY = "1,2";
				TEST_HOST = "$(BUILT_PRODUCTS_DIR)/Serialization.app/Serialization";
			};
			name = Debug;
		};
		2D6CF3922322E206001B84CE /* Release */ = {
			isa = XCBuildConfiguration;
			buildSettings = {
				ALWAYS_EMBED_SWIFT_STANDARD_LIBRARIES = YES;
				BUNDLE_LOADER = "$(TEST_HOST)";
				CODE_SIGN_STYLE = Automatic;
				INFOPLIST_FILE = SerializationTests/Info.plist;
				LD_RUNPATH_SEARCH_PATHS = (
					"$(inherited)",
					"@executable_path/Frameworks",
					"@loader_path/Frameworks",
				);
				PRODUCT_BUNDLE_IDENTIFIER = online.techinnovator.SerializationTests;
				PRODUCT_NAME = "$(TARGET_NAME)";
				SWIFT_VERSION = 5.0;
				TARGETED_DEVICE_FAMILY = "1,2";
				TEST_HOST = "$(BUILT_PRODUCTS_DIR)/Serialization.app/Serialization";
			};
			name = Release;
		};
		2D6CF3942322E206001B84CE /* Debug */ = {
			isa = XCBuildConfiguration;
			buildSettings = {
				ALWAYS_EMBED_SWIFT_STANDARD_LIBRARIES = YES;
				CODE_SIGN_STYLE = Automatic;
				INFOPLIST_FILE = SerializationUITests/Info.plist;
				LD_RUNPATH_SEARCH_PATHS = (
					"$(inherited)",
					"@executable_path/Frameworks",
					"@loader_path/Frameworks",
				);
				PRODUCT_BUNDLE_IDENTIFIER = online.techinnovator.SerializationUITests;
				PRODUCT_NAME = "$(TARGET_NAME)";
				SWIFT_VERSION = 5.0;
				TARGETED_DEVICE_FAMILY = "1,2";
				TEST_TARGET_NAME = Serialization;
			};
			name = Debug;
		};
		2D6CF3952322E206001B84CE /* Release */ = {
			isa = XCBuildConfiguration;
			buildSettings = {
				ALWAYS_EMBED_SWIFT_STANDARD_LIBRARIES = YES;
				CODE_SIGN_STYLE = Automatic;
				INFOPLIST_FILE = SerializationUITests/Info.plist;
				LD_RUNPATH_SEARCH_PATHS = (
					"$(inherited)",
					"@executable_path/Frameworks",
					"@loader_path/Frameworks",
				);
				PRODUCT_BUNDLE_IDENTIFIER = online.techinnovator.SerializationUITests;
				PRODUCT_NAME = "$(TARGET_NAME)";
				SWIFT_VERSION = 5.0;
				TARGETED_DEVICE_FAMILY = "1,2";
				TEST_TARGET_NAME = Serialization;
			};
			name = Release;
		};
/* End XCBuildConfiguration section */

/* Begin XCConfigurationList section */
		2D6CF35D2322E205001B84CE /* Build configuration list for PBXProject "Serialization" */ = {
			isa = XCConfigurationList;
			buildConfigurations = (
				2D6CF38B2322E206001B84CE /* Debug */,
				2D6CF38C2322E206001B84CE /* Release */,
			);
			defaultConfigurationIsVisible = 0;
			defaultConfigurationName = Release;
		};
		2D6CF38D2322E206001B84CE /* Build configuration list for PBXNativeTarget "Serialization" */ = {
			isa = XCConfigurationList;
			buildConfigurations = (
				2D6CF38E2322E206001B84CE /* Debug */,
				2D6CF38F2322E206001B84CE /* Release */,
			);
			defaultConfigurationIsVisible = 0;
			defaultConfigurationName = Release;
		};
		2D6CF3902322E206001B84CE /* Build configuration list for PBXNativeTarget "SerializationTests" */ = {
			isa = XCConfigurationList;
			buildConfigurations = (
				2D6CF3912322E206001B84CE /* Debug */,
				2D6CF3922322E206001B84CE /* Release */,
			);
			defaultConfigurationIsVisible = 0;
			defaultConfigurationName = Release;
		};
		2D6CF3932322E206001B84CE /* Build configuration list for PBXNativeTarget "SerializationUITests" */ = {
			isa = XCConfigurationList;
			buildConfigurations = (
				2D6CF3942322E206001B84CE /* Debug */,
				2D6CF3952322E206001B84CE /* Release */,
			);
			defaultConfigurationIsVisible = 0;
			defaultConfigurationName = Release;
		};
/* End XCConfigurationList section */

/* Begin XCVersionGroup section */
		2D6CF36C2322E205001B84CE /* Serialization.xcdatamodeld */ = {
			isa = XCVersionGroup;
			children = (
				2D6CF36D2322E205001B84CE /* Serialization.xcdatamodel */,
			);
			currentVersion = 2D6CF36D2322E205001B84CE /* Serialization.xcdatamodel */;
			path = Serialization.xcdatamodeld;
			sourceTree = "<group>";
			versionGroupType = wrapper.xcdatamodel;
		};
/* End XCVersionGroup section */
	};
	rootObject = 2D6CF35A2322E205001B84CE /* Project object */;
}
